
Microsoft Visual Studio Solution File, Format Version 12.00
# Visual Studio Version 17
VisualStudioVersion = 17.14.36518.9 d17.14
MinimumVisualStudioVersion = 10.0.40219.1
Project("{FAE04EC0-301F-11D3-BF4B-00C04F79EFBC}") = "WBF mozifoglalas", "WBF mozifoglalas\WBF mozifoglalas.csproj", "{93AB1D7A-F787-4E45-9323-4D224277418B}"
EndProject
Global
	GlobalSection(SolutionConfigurationPlatforms) = preSolution
		Debug|Any CPU = Debug|Any CPU
		Release|Any CPU = Release|Any CPU
	EndGlobalSection
	GlobalSection(ProjectConfigurationPlatforms) = postSolution
		{93AB1D7A-F787-4E45-9323-4D224277418B}.Debug|Any CPU.ActiveCfg = Debug|Any CPU
		{93AB1D7A-F787-4E45-9323-4D224277418B}.Debug|Any CPU.Build.0 = Debug|Any CPU
		{93AB1D7A-F787-4E45-9323-4D224277418B}.Release|Any CPU.ActiveCfg = Release|Any CPU
		{93AB1D7A-F787-4E45-9323-4D224277418B}.Release|Any CPU.Build.0 = Release|Any CPU
	EndGlobalSection
	GlobalSection(SolutionProperties) = preSolution
		HideSolutionNode = FALSE
	EndGlobalSection
	GlobalSection(ExtensibilityGlobals) = postSolution
		SolutionGuid = {CAF62A26-4013-41B0-B74E-59572C73E912}
	EndGlobalSection
EndGlobal
